
Microsoft Visual Studio Solution File, Format Version 12.00
# Visual Studio Version 16
VisualStudioVersion = 16.0.32002.261
MinimumVisualStudioVersion = 10.0.40219.1
Project("{FAE04EC0-301F-11D3-BF4B-00C04F79EFBC}") = "Inventory", "Inventory\Inventory.csproj", "{8E477AF6-4C51-4A0D-9A7B-9A0675BD083C}"
EndProject
Global
	GlobalSection(SolutionConfigurationPlatforms) = preSolution
		Debug|Any CPU = Debug|Any CPU
		Release|Any CPU = Release|Any CPU
	EndGlobalSection
	GlobalSection(ProjectConfigurationPlatforms) = postSolution
		{8E477AF6-4C51-4A0D-9A7B-9A0675BD083C}.Debug|Any CPU.ActiveCfg = Debug|Any CPU
		{8E477AF6-4C51-4A0D-9A7B-9A0675BD083C}.Debug|Any CPU.Build.0 = Debug|Any CPU
		{8E477AF6-4C51-4A0D-9A7B-9A0675BD083C}.Release|Any CPU.ActiveCfg = Release|Any CPU
		{8E477AF6-4C51-4A0D-9A7B-9A0675BD083C}.Release|Any CPU.Build.0 = Release|Any CPU
	EndGlobalSection
	GlobalSection(SolutionProperties) = preSolution
		HideSolutionNode = FALSE
	EndGlobalSection
	GlobalSection(ExtensibilityGlobals) = postSolution
		SolutionGuid = {E4D92943-67F7-4D03-80C5-D6A490259898}
	EndGlobalSection
EndGlobal
